
Microsoft Visual Studio Solution File, Format Version 12.00
# Visual Studio Version 17
VisualStudioVersion = 17.0.32112.339
MinimumVisualStudioVersion = 10.0.40219.1
Project("{9A19103F-16F7-4668-BE54-9A1E7A4F7556}") = "Lab_8", "Lab_8\Lab_8.csproj", "{A0DD8F07-24E1-4F22-A963-89EC1D85B246}"
EndProject
Global
	GlobalSection(SolutionConfigurationPlatforms) = preSolution
		Debug|Any CPU = Debug|Any CPU
		Release|Any CPU = Release|Any CPU
	EndGlobalSection
	GlobalSection(ProjectConfigurationPlatforms) = postSolution
		{A0DD8F07-24E1-4F22-A963-89EC1D85B246}.Debug|Any CPU.ActiveCfg = Debug|Any CPU
		{A0DD8F07-24E1-4F22-A963-89EC1D85B246}.Debug|Any CPU.Build.0 = Debug|Any CPU
		{A0DD8F07-24E1-4F22-A963-89EC1D85B246}.Release|Any CPU.ActiveCfg = Release|Any CPU
		{A0DD8F07-24E1-4F22-A963-89EC1D85B246}.Release|Any CPU.Build.0 = Release|Any CPU
	EndGlobalSection
	GlobalSection(SolutionProperties) = preSolution
		HideSolutionNode = FALSE
	EndGlobalSection
	GlobalSection(ExtensibilityGlobals) = postSolution
		SolutionGuid = {A1A776B6-3DE0-4294-AD95-FD7CF05B271D}
	EndGlobalSection
EndGlobal
